// !$*UTF8*$!
{
	archiveVersion = 1;
	classes = {
	};
	objectVersion = 56;
	objects = {

/* Begin PBXBuildFile section */
		1C23B3B62AB05A200048B647 /* crypto_app_swiftuiApp.swift in Sources */ = {isa = PBXBuildFile; fileRef = 1C23B3B52AB05A200048B647 /* crypto_app_swiftuiApp.swift */; };
		1C23B3B82AB05A200048B647 /* ContentView.swift in Sources */ = {isa = PBXBuildFile; fileRef = 1C23B3B72AB05A200048B647 /* ContentView.swift */; };
		1C23B3BD2AB05A210048B647 /* Preview Assets.xcassets in Resources */ = {isa = PBXBuildFile; fileRef = 1C23B3BC2AB05A210048B647 /* Preview Assets.xcassets */; };
		1C23B3BF2AB05A210048B647 /* Persistence.swift in Sources */ = {isa = PBXBuildFile; fileRef = 1C23B3BE2AB05A210048B647 /* Persistence.swift */; };
		1C23B3C22AB05A210048B647 /* crypto_app_swiftui.xcdatamodeld in Sources */ = {isa = PBXBuildFile; fileRef = 1C23B3C02AB05A210048B647 /* crypto_app_swiftui.xcdatamodeld */; };
		1C23B3CC2AB05A210048B647 /* crypto_app_swiftuiTests.swift in Sources */ = {isa = PBXBuildFile; fileRef = 1C23B3CB2AB05A210048B647 /* crypto_app_swiftuiTests.swift */; };
		1C23B3D62AB05A210048B647 /* crypto_app_swiftuiUITests.swift in Sources */ = {isa = PBXBuildFile; fileRef = 1C23B3D52AB05A210048B647 /* crypto_app_swiftuiUITests.swift */; };
		1C23B3D82AB05A210048B647 /* crypto_app_swiftuiUITestsLaunchTests.swift in Sources */ = {isa = PBXBuildFile; fileRef = 1C23B3D72AB05A210048B647 /* crypto_app_swiftuiUITestsLaunchTests.swift */; };
		1C23B3E82AB0628B0048B647 /* Color.swift in Sources */ = {isa = PBXBuildFile; fileRef = 1C23B3E72AB0628B0048B647 /* Color.swift */; };
		1C23B3EE2AB068F80048B647 /* HomeView.swift in Sources */ = {isa = PBXBuildFile; fileRef = 1C23B3ED2AB068F80048B647 /* HomeView.swift */; };
		1C23B3F22AB069DF0048B647 /* CircleButtonView.swift in Sources */ = {isa = PBXBuildFile; fileRef = 1C23B3F12AB069DF0048B647 /* CircleButtonView.swift */; };
		1C23B3F42AB06EA90048B647 /* CircleButtonAnimationView.swift in Sources */ = {isa = PBXBuildFile; fileRef = 1C23B3F32AB06EA90048B647 /* CircleButtonAnimationView.swift */; };
		1C23B4202AB43EC60048B647 /* Assets.xcassets in Resources */ = {isa = PBXBuildFile; fileRef = 1C23B41F2AB43EC60048B647 /* Assets.xcassets */; };
		1C23B4232AB43FA70048B647 /* CoinModel.swift in Sources */ = {isa = PBXBuildFile; fileRef = 1C23B4222AB43FA70048B647 /* CoinModel.swift */; };
		1C23B4252AB443220048B647 /* RowView.swift in Sources */ = {isa = PBXBuildFile; fileRef = 1C23B4242AB443220048B647 /* RowView.swift */; };
		1C23B4272AB4437F0048B647 /* PreviewProvider+Ext.swift in Sources */ = {isa = PBXBuildFile; fileRef = 1C23B4262AB4437F0048B647 /* PreviewProvider+Ext.swift */; };
		1C23B4292AB448940048B647 /* Double+EXt.swift in Sources */ = {isa = PBXBuildFile; fileRef = 1C23B4282AB448940048B647 /* Double+EXt.swift */; };
		1CA0B5C02AC6B8EF002B8FA9 /* HomeViewModel.swift in Sources */ = {isa = PBXBuildFile; fileRef = 1CA0B5BF2AC6B8EF002B8FA9 /* HomeViewModel.swift */; };
		1CA0B5C32AC6C79E002B8FA9 /* CoinDataService.swift in Sources */ = {isa = PBXBuildFile; fileRef = 1CA0B5C22AC6C79E002B8FA9 /* CoinDataService.swift */; };
/* End PBXBuildFile section */

/* Begin PBXContainerItemProxy section */
		1C23B3C82AB05A210048B647 /* PBXContainerItemProxy */ = {
			isa = PBXContainerItemProxy;
			containerPortal = 1C23B3AA2AB05A200048B647 /* Project object */;
			proxyType = 1;
			remoteGlobalIDString = 1C23B3B12AB05A200048B647;
			remoteInfo = "crypto-app-swiftui";
		};
		1C23B3D22AB05A210048B647 /* PBXContainerItemProxy */ = {
			isa = PBXContainerItemProxy;
			containerPortal = 1C23B3AA2AB05A200048B647 /* Project object */;
			proxyType = 1;
			remoteGlobalIDString = 1C23B3B12AB05A200048B647;
			remoteInfo = "crypto-app-swiftui";
		};
/* End PBXContainerItemProxy section */

/* Begin PBXFileReference section */
		1C23B3B22AB05A200048B647 /* crypto-app-swiftui.app */ = {isa = PBXFileReference; explicitFileType = wrapper.application; includeInIndex = 0; path = "crypto-app-swiftui.app"; sourceTree = BUILT_PRODUCTS_DIR; };
		1C23B3B52AB05A200048B647 /* crypto_app_swiftuiApp.swift */ = {isa = PBXFileReference; lastKnownFileType = sourcecode.swift; path = crypto_app_swiftuiApp.swift; sourceTree = "<group>"; };
		1C23B3B72AB05A200048B647 /* ContentView.swift */ = {isa = PBXFileReference; lastKnownFileType = sourcecode.swift; path = ContentView.swift; sourceTree = "<group>"; };
		1C23B3BC2AB05A210048B647 /* Preview Assets.xcassets */ = {isa = PBXFileReference; lastKnownFileType = folder.assetcatalog; path = "Preview Assets.xcassets"; sourceTree = "<group>"; };
		1C23B3BE2AB05A210048B647 /* Persistence.swift */ = {isa = PBXFileReference; lastKnownFileType = sourcecode.swift; path = Persistence.swift; sourceTree = "<group>"; };
		1C23B3C12AB05A210048B647 /* crypto_app_swiftui.xcdatamodel */ = {isa = PBXFileReference; lastKnownFileType = wrapper.xcdatamodel; path = crypto_app_swiftui.xcdatamodel; sourceTree = "<group>"; };
		1C23B3C72AB05A210048B647 /* crypto-app-swiftuiTests.xctest */ = {isa = PBXFileReference; explicitFileType = wrapper.cfbundle; includeInIndex = 0; path = "crypto-app-swiftuiTests.xctest"; sourceTree = BUILT_PRODUCTS_DIR; };
		1C23B3CB2AB05A210048B647 /* crypto_app_swiftuiTests.swift */ = {isa = PBXFileReference; lastKnownFileType = sourcecode.swift; path = crypto_app_swiftuiTests.swift; sourceTree = "<group>"; };
		1C23B3D12AB05A210048B647 /* crypto-app-swiftuiUITests.xctest */ = {isa = PBXFileReference; explicitFileType = wrapper.cfbundle; includeInIndex = 0; path = "crypto-app-swiftuiUITests.xctest"; sourceTree = BUILT_PRODUCTS_DIR; };
		1C23B3D52AB05A210048B647 /* crypto_app_swiftuiUITests.swift */ = {isa = PBXFileReference; lastKnownFileType = sourcecode.swift; path = crypto_app_swiftuiUITests.swift; sourceTree = "<group>"; };
		1C23B3D72AB05A210048B647 /* crypto_app_swiftuiUITestsLaunchTests.swift */ = {isa = PBXFileReference; lastKnownFileType = sourcecode.swift; path = crypto_app_swiftuiUITestsLaunchTests.swift; sourceTree = "<group>"; };
		1C23B3E72AB0628B0048B647 /* Color.swift */ = {isa = PBXFileReference; lastKnownFileType = sourcecode.swift; path = Color.swift; sourceTree = "<group>"; };
		1C23B3ED2AB068F80048B647 /* HomeView.swift */ = {isa = PBXFileReference; lastKnownFileType = sourcecode.swift; path = HomeView.swift; sourceTree = "<group>"; };
		1C23B3F12AB069DF0048B647 /* CircleButtonView.swift */ = {isa = PBXFileReference; lastKnownFileType = sourcecode.swift; path = CircleButtonView.swift; sourceTree = "<group>"; };
		1C23B3F32AB06EA90048B647 /* CircleButtonAnimationView.swift */ = {isa = PBXFileReference; lastKnownFileType = sourcecode.swift; path = CircleButtonAnimationView.swift; sourceTree = "<group>"; };
		1C23B41F2AB43EC60048B647 /* Assets.xcassets */ = {isa = PBXFileReference; lastKnownFileType = folder.assetcatalog; name = Assets.xcassets; path = Resources/Assets.xcassets; sourceTree = SOURCE_ROOT; };
		1C23B4222AB43FA70048B647 /* CoinModel.swift */ = {isa = PBXFileReference; lastKnownFileType = sourcecode.swift; path = CoinModel.swift; sourceTree = "<group>"; };
		1C23B4242AB443220048B647 /* RowView.swift */ = {isa = PBXFileReference; lastKnownFileType = sourcecode.swift; path = RowView.swift; sourceTree = "<group>"; };
		1C23B4262AB4437F0048B647 /* PreviewProvider+Ext.swift */ = {isa = PBXFileReference; lastKnownFileType = sourcecode.swift; path = "PreviewProvider+Ext.swift"; sourceTree = "<group>"; };
		1C23B4282AB448940048B647 /* Double+EXt.swift */ = {isa = PBXFileReference; lastKnownFileType = sourcecode.swift; path = "Double+EXt.swift"; sourceTree = "<group>"; };
		1CA0B5BF2AC6B8EF002B8FA9 /* HomeViewModel.swift */ = {isa = PBXFileReference; lastKnownFileType = sourcecode.swift; path = HomeViewModel.swift; sourceTree = "<group>"; };
		1CA0B5C22AC6C79E002B8FA9 /* CoinDataService.swift */ = {isa = PBXFileReference; lastKnownFileType = sourcecode.swift; path = CoinDataService.swift; sourceTree = "<group>"; };
/* End PBXFileReference section */

/* Begin PBXFrameworksBuildPhase section */
		1C23B3AF2AB05A200048B647 /* Frameworks */ = {
			isa = PBXFrameworksBuildPhase;
			buildActionMask = 2147483647;
			files = (
			);
			runOnlyForDeploymentPostprocessing = 0;
		};
		1C23B3C42AB05A210048B647 /* Frameworks */ = {
			isa = PBXFrameworksBuildPhase;
			buildActionMask = 2147483647;
			files = (
			);
			runOnlyForDeploymentPostprocessing = 0;
		};
		1C23B3CE2AB05A210048B647 /* Frameworks */ = {
			isa = PBXFrameworksBuildPhase;
			buildActionMask = 2147483647;
			files = (
			);
			runOnlyForDeploymentPostprocessing = 0;
		};
/* End PBXFrameworksBuildPhase section */

/* Begin PBXGroup section */
		1C23B3A92AB05A200048B647 = {
			isa = PBXGroup;
			children = (
				1C23B3B42AB05A200048B647 /* crypto-app-swiftui */,
				1C23B3CA2AB05A210048B647 /* crypto-app-swiftuiTests */,
				1C23B3D42AB05A210048B647 /* crypto-app-swiftuiUITests */,
				1C23B3B32AB05A200048B647 /* Products */,
			);
			sourceTree = "<group>";
		};
		1C23B3B32AB05A200048B647 /* Products */ = {
			isa = PBXGroup;
			children = (
				1C23B3B22AB05A200048B647 /* crypto-app-swiftui.app */,
				1C23B3C72AB05A210048B647 /* crypto-app-swiftuiTests.xctest */,
				1C23B3D12AB05A210048B647 /* crypto-app-swiftuiUITests.xctest */,
			);
			name = Products;
			sourceTree = "<group>";
		};
		1C23B3B42AB05A200048B647 /* crypto-app-swiftui */ = {
			isa = PBXGroup;
			children = (
				1CA0B5C12AC6C77C002B8FA9 /* Services */,
				1C23B4212AB43F8A0048B647 /* models */,
				1C23B41F2AB43EC60048B647 /* Assets.xcassets */,
				1C23B3E92AB068C30048B647 /* Core */,
				1C23B3E62AB0627C0048B647 /* Extensions */,
				1C23B3B52AB05A200048B647 /* crypto_app_swiftuiApp.swift */,
				1C23B3B72AB05A200048B647 /* ContentView.swift */,
				1C23B3BE2AB05A210048B647 /* Persistence.swift */,
				1C23B3C02AB05A210048B647 /* crypto_app_swiftui.xcdatamodeld */,
				1C23B3BB2AB05A210048B647 /* Preview Content */,
			);
			path = "crypto-app-swiftui";
			sourceTree = "<group>";
		};
		1C23B3BB2AB05A210048B647 /* Preview Content */ = {
			isa = PBXGroup;
			children = (
				1C23B3BC2AB05A210048B647 /* Preview Assets.xcassets */,
			);
			path = "Preview Content";
			sourceTree = "<group>";
		};
		1C23B3CA2AB05A210048B647 /* crypto-app-swiftuiTests */ = {
			isa = PBXGroup;
			children = (
				1C23B3CB2AB05A210048B647 /* crypto_app_swiftuiTests.swift */,
			);
			path = "crypto-app-swiftuiTests";
			sourceTree = "<group>";
		};
		1C23B3D42AB05A210048B647 /* crypto-app-swiftuiUITests */ = {
			isa = PBXGroup;
			children = (
				1C23B3D52AB05A210048B647 /* crypto_app_swiftuiUITests.swift */,
				1C23B3D72AB05A210048B647 /* crypto_app_swiftuiUITestsLaunchTests.swift */,
			);
			path = "crypto-app-swiftuiUITests";
			sourceTree = "<group>";
		};
		1C23B3E62AB0627C0048B647 /* Extensions */ = {
			isa = PBXGroup;
			children = (
				1C23B3E72AB0628B0048B647 /* Color.swift */,
				1C23B4262AB4437F0048B647 /* PreviewProvider+Ext.swift */,
				1C23B4282AB448940048B647 /* Double+EXt.swift */,
			);
			path = Extensions;
			sourceTree = "<group>";
		};
		1C23B3E92AB068C30048B647 /* Core */ = {
			isa = PBXGroup;
			children = (
				1C23B3EF2AB069BC0048B647 /* Components */,
				1C23B3EA2AB068D10048B647 /* Home */,
			);
			path = Core;
			sourceTree = "<group>";
		};
		1C23B3EA2AB068D10048B647 /* Home */ = {
			isa = PBXGroup;
			children = (
				1C23B3EC2AB068EB0048B647 /* Viewmodels */,
				1C23B3EB2AB068E50048B647 /* Views */,
			);
			path = Home;
			sourceTree = "<group>";
		};
		1C23B3EB2AB068E50048B647 /* Views */ = {
			isa = PBXGroup;
			children = (
				1C23B3ED2AB068F80048B647 /* HomeView.swift */,
				1C23B4242AB443220048B647 /* RowView.swift */,
			);
			path = Views;
			sourceTree = "<group>";
		};
		1C23B3EC2AB068EB0048B647 /* Viewmodels */ = {
			isa = PBXGroup;
			children = (
				1CA0B5BF2AC6B8EF002B8FA9 /* HomeViewModel.swift */,
			);
			path = Viewmodels;
			sourceTree = "<group>";
		};
		1C23B3EF2AB069BC0048B647 /* Components */ = {
			isa = PBXGroup;
			children = (
				1C23B3F02AB069D30048B647 /* CircleButton */,
			);
			path = Components;
			sourceTree = "<group>";
		};
		1C23B3F02AB069D30048B647 /* CircleButton */ = {
			isa = PBXGroup;
			children = (
				1C23B3F12AB069DF0048B647 /* CircleButtonView.swift */,
				1C23B3F32AB06EA90048B647 /* CircleButtonAnimationView.swift */,
			);
			path = CircleButton;
			sourceTree = "<group>";
		};
		1C23B4212AB43F8A0048B647 /* models */ = {
			isa = PBXGroup;
			children = (
				1C23B4222AB43FA70048B647 /* CoinModel.swift */,
			);
			path = models;
			sourceTree = "<group>";
		};
		1CA0B5C12AC6C77C002B8FA9 /* Services */ = {
			isa = PBXGroup;
			children = (
				1CA0B5C22AC6C79E002B8FA9 /* CoinDataService.swift */,
			);
			path = Services;
			sourceTree = "<group>";
		};
/* End PBXGroup section */

/* Begin PBXNativeTarget section */
		1C23B3B12AB05A200048B647 /* crypto-app-swiftui */ = {
			isa = PBXNativeTarget;
			buildConfigurationList = 1C23B3DB2AB05A210048B647 /* Build configuration list for PBXNativeTarget "crypto-app-swiftui" */;
			buildPhases = (
				1C23B3AE2AB05A200048B647 /* Sources */,
				1C23B3AF2AB05A200048B647 /* Frameworks */,
				1C23B3B02AB05A200048B647 /* Resources */,
			);
			buildRules = (
			);
			dependencies = (
			);
			name = "crypto-app-swiftui";
			productName = "crypto-app-swiftui";
			productReference = 1C23B3B22AB05A200048B647 /* crypto-app-swiftui.app */;
			productType = "com.apple.product-type.application";
		};
		1C23B3C62AB05A210048B647 /* crypto-app-swiftuiTests */ = {
			isa = PBXNativeTarget;
			buildConfigurationList = 1C23B3DE2AB05A210048B647 /* Build configuration list for PBXNativeTarget "crypto-app-swiftuiTests" */;
			buildPhases = (
				1C23B3C32AB05A210048B647 /* Sources */,
				1C23B3C42AB05A210048B647 /* Frameworks */,
				1C23B3C52AB05A210048B647 /* Resources */,
			);
			buildRules = (
			);
			dependencies = (
				1C23B3C92AB05A210048B647 /* PBXTargetDependency */,
			);
			name = "crypto-app-swiftuiTests";
			productName = "crypto-app-swiftuiTests";
			productReference = 1C23B3C72AB05A210048B647 /* crypto-app-swiftuiTests.xctest */;
			productType = "com.apple.product-type.bundle.unit-test";
		};
		1C23B3D02AB05A210048B647 /* crypto-app-swiftuiUITests */ = {
			isa = PBXNativeTarget;
			buildConfigurationList = 1C23B3E12AB05A210048B647 /* Build configuration list for PBXNativeTarget "crypto-app-swiftuiUITests" */;
			buildPhases = (
				1C23B3CD2AB05A210048B647 /* Sources */,
				1C23B3CE2AB05A210048B647 /* Frameworks */,
				1C23B3CF2AB05A210048B647 /* Resources */,
			);
			buildRules = (
			);
			dependencies = (
				1C23B3D32AB05A210048B647 /* PBXTargetDependency */,
			);
			name = "crypto-app-swiftuiUITests";
			productName = "crypto-app-swiftuiUITests";
			productReference = 1C23B3D12AB05A210048B647 /* crypto-app-swiftuiUITests.xctest */;
			productType = "com.apple.product-type.bundle.ui-testing";
		};
/* End PBXNativeTarget section */

/* Begin PBXProject section */
		1C23B3AA2AB05A200048B647 /* Project object */ = {
			isa = PBXProject;
			attributes = {
				BuildIndependentTargetsInParallel = 1;
				LastSwiftUpdateCheck = 1430;
				LastUpgradeCheck = 1430;
				TargetAttributes = {
					1C23B3B12AB05A200048B647 = {
						CreatedOnToolsVersion = 14.3.1;
					};
					1C23B3C62AB05A210048B647 = {
						CreatedOnToolsVersion = 14.3.1;
						TestTargetID = 1C23B3B12AB05A200048B647;
					};
					1C23B3D02AB05A210048B647 = {
						CreatedOnToolsVersion = 14.3.1;
						TestTargetID = 1C23B3B12AB05A200048B647;
					};
				};
			};
			buildConfigurationList = 1C23B3AD2AB05A200048B647 /* Build configuration list for PBXProject "crypto-app-swiftui" */;
			compatibilityVersion = "Xcode 14.0";
			developmentRegion = en;
			hasScannedForEncodings = 0;
			knownRegions = (
				en,
				Base,
			);
			mainGroup = 1C23B3A92AB05A200048B647;
			productRefGroup = 1C23B3B32AB05A200048B647 /* Products */;
			projectDirPath = "";
			projectRoot = "";
			targets = (
				1C23B3B12AB05A200048B647 /* crypto-app-swiftui */,
				1C23B3C62AB05A210048B647 /* crypto-app-swiftuiTests */,
				1C23B3D02AB05A210048B647 /* crypto-app-swiftuiUITests */,
			);
		};
/* End PBXProject section */

/* Begin PBXResourcesBuildPhase section */
		1C23B3B02AB05A200048B647 /* Resources */ = {
			isa = PBXResourcesBuildPhase;
			buildActionMask = 2147483647;
			files = (
				1C23B4202AB43EC60048B647 /* Assets.xcassets in Resources */,
				1C23B3BD2AB05A210048B647 /* Preview Assets.xcassets in Resources */,
			);
			runOnlyForDeploymentPostprocessing = 0;
		};
		1C23B3C52AB05A210048B647 /* Resources */ = {
			isa = PBXResourcesBuildPhase;
			buildActionMask = 2147483647;
			files = (
			);
			runOnlyForDeploymentPostprocessing = 0;
		};
		1C23B3CF2AB05A210048B647 /* Resources */ = {
			isa = PBXResourcesBuildPhase;
			buildActionMask = 2147483647;
			files = (
			);
			runOnlyForDeploymentPostprocessing = 0;
		};
/* End PBXResourcesBuildPhase section */

/* Begin PBXSourcesBuildPhase section */
		1C23B3AE2AB05A200048B647 /* Sources */ = {
			isa = PBXSourcesBuildPhase;
			buildActionMask = 2147483647;
			files = (
				1C23B3BF2AB05A210048B647 /* Persistence.swift in Sources */,
				1C23B4252AB443220048B647 /* RowView.swift in Sources */,
				1CA0B5C32AC6C79E002B8FA9 /* CoinDataService.swift in Sources */,
				1C23B3B82AB05A200048B647 /* ContentView.swift in Sources */,
				1C23B3F22AB069DF0048B647 /* CircleButtonView.swift in Sources */,
				1C23B3F42AB06EA90048B647 /* CircleButtonAnimationView.swift in Sources */,
				1C23B3C22AB05A210048B647 /* crypto_app_swiftui.xcdatamodeld in Sources */,
				1C23B4292AB448940048B647 /* Double+EXt.swift in Sources */,
				1C23B3EE2AB068F80048B647 /* HomeView.swift in Sources */,
				1CA0B5C02AC6B8EF002B8FA9 /* HomeViewModel.swift in Sources */,
				1C23B3E82AB0628B0048B647 /* Color.swift in Sources */,
				1C23B4272AB4437F0048B647 /* PreviewProvider+Ext.swift in Sources */,
				1C23B4232AB43FA70048B647 /* CoinModel.swift in Sources */,
				1C23B3B62AB05A200048B647 /* crypto_app_swiftuiApp.swift in Sources */,
			);
			runOnlyForDeploymentPostprocessing = 0;
		};
		1C23B3C32AB05A210048B647 /* Sources */ = {
			isa = PBXSourcesBuildPhase;
			buildActionMask = 2147483647;
			files = (
				1C23B3CC2AB05A210048B647 /* crypto_app_swiftuiTests.swift in Sources */,
			);
			runOnlyForDeploymentPostprocessing = 0;
		};
		1C23B3CD2AB05A210048B647 /* Sources */ = {
			isa = PBXSourcesBuildPhase;
			buildActionMask = 2147483647;
			files = (
				1C23B3D62AB05A210048B647 /* crypto_app_swiftuiUITests.swift in Sources */,
				1C23B3D82AB05A210048B647 /* crypto_app_swiftuiUITestsLaunchTests.swift in Sources */,
			);
			runOnlyForDeploymentPostprocessing = 0;
		};
/* End PBXSourcesBuildPhase section */

/* Begin PBXTargetDependency section */
		1C23B3C92AB05A210048B647 /* PBXTargetDependency */ = {
			isa = PBXTargetDependency;
			target = 1C23B3B12AB05A200048B647 /* crypto-app-swiftui */;
			targetProxy = 1C23B3C82AB05A210048B647 /* PBXContainerItemProxy */;
		};
		1C23B3D32AB05A210048B647 /* PBXTargetDependency */ = {
			isa = PBXTargetDependency;
			target = 1C23B3B12AB05A200048B647 /* crypto-app-swiftui */;
			targetProxy = 1C23B3D22AB05A210048B647 /* PBXContainerItemProxy */;
		};
/* End PBXTargetDependency section */

/* Begin XCBuildConfiguration section */
		1C23B3D92AB05A210048B647 /* Debug */ = {
			isa = XCBuildConfiguration;
			buildSettings = {
				ALWAYS_SEARCH_USER_PATHS = NO;
				CLANG_ANALYZER_NONNULL = YES;
				CLANG_ANALYZER_NUMBER_OBJECT_CONVERSION = YES_AGGRESSIVE;
				CLANG_CXX_LANGUAGE_STANDARD = "gnu++20";
				CLANG_ENABLE_MODULES = YES;
				CLANG_ENABLE_OBJC_ARC = YES;
				CLANG_ENABLE_OBJC_WEAK = YES;
				CLANG_WARN_BLOCK_CAPTURE_AUTORELEASING = YES;
				CLANG_WARN_BOOL_CONVERSION = YES;
				CLANG_WARN_COMMA = YES;
				CLANG_WARN_CONSTANT_CONVERSION = YES;
				CLANG_WARN_DEPRECATED_OBJC_IMPLEMENTATIONS = YES;
				CLANG_WARN_DIRECT_OBJC_ISA_USAGE = YES_ERROR;
				CLANG_WARN_DOCUMENTATION_COMMENTS = YES;
				CLANG_WARN_EMPTY_BODY = YES;
				CLANG_WARN_ENUM_CONVERSION = YES;
				CLANG_WARN_INFINITE_RECURSION = YES;
				CLANG_WARN_INT_CONVERSION = YES;
				CLANG_WARN_NON_LITERAL_NULL_CONVERSION = YES;
				CLANG_WARN_OBJC_IMPLICIT_RETAIN_SELF = YES;
				CLANG_WARN_OBJC_LITERAL_CONVERSION = YES;
				CLANG_WARN_OBJC_ROOT_CLASS = YES_ERROR;
				CLANG_WARN_QUOTED_INCLUDE_IN_FRAMEWORK_HEADER = YES;
				CLANG_WARN_RANGE_LOOP_ANALYSIS = YES;
				CLANG_WARN_STRICT_PROTOTYPES = YES;
				CLANG_WARN_SUSPICIOUS_MOVE = YES;
				CLANG_WARN_UNGUARDED_AVAILABILITY = YES_AGGRESSIVE;
				CLANG_WARN_UNREACHABLE_CODE = YES;
				CLANG_WARN__DUPLICATE_METHOD_MATCH = YES;
				COPY_PHASE_STRIP = NO;
				DEBUG_INFORMATION_FORMAT = dwarf;
				ENABLE_STRICT_OBJC_MSGSEND = YES;
				ENABLE_TESTABILITY = YES;
				GCC_C_LANGUAGE_STANDARD = gnu11;
				GCC_DYNAMIC_NO_PIC = NO;
				GCC_NO_COMMON_BLOCKS = YES;
				GCC_OPTIMIZATION_LEVEL = 0;
				GCC_PREPROCESSOR_DEFINITIONS = (
					"DEBUG=1",
					"$(inherited)",
				);
				GCC_WARN_64_TO_32_BIT_CONVERSION = YES;
				GCC_WARN_ABOUT_RETURN_TYPE = YES_ERROR;
				GCC_WARN_UNDECLARED_SELECTOR = YES;
				GCC_WARN_UNINITIALIZED_AUTOS = YES_AGGRESSIVE;
				GCC_WARN_UNUSED_FUNCTION = YES;
				GCC_WARN_UNUSED_VARIABLE = YES;
				IPHONEOS_DEPLOYMENT_TARGET = 16.4;
				MTL_ENABLE_DEBUG_INFO = INCLUDE_SOURCE;
				MTL_FAST_MATH = YES;
				ONLY_ACTIVE_ARCH = YES;
				SDKROOT = iphoneos;
				SWIFT_ACTIVE_COMPILATION_CONDITIONS = DEBUG;
				SWIFT_OPTIMIZATION_LEVEL = "-Onone";
			};
			name = Debug;
		};
		1C23B3DA2AB05A210048B647 /* Release */ = {
			isa = XCBuildConfiguration;
			buildSettings = {
				ALWAYS_SEARCH_USER_PATHS = NO;
				CLANG_ANALYZER_NONNULL = YES;
				CLANG_ANALYZER_NUMBER_OBJECT_CONVERSION = YES_AGGRESSIVE;
				CLANG_CXX_LANGUAGE_STANDARD = "gnu++20";
				CLANG_ENABLE_MODULES = YES;
				CLANG_ENABLE_OBJC_ARC = YES;
				CLANG_ENABLE_OBJC_WEAK = YES;
				CLANG_WARN_BLOCK_CAPTURE_AUTORELEASING = YES;
				CLANG_WARN_BOOL_CONVERSION = YES;
				CLANG_WARN_COMMA = YES;
				CLANG_WARN_CONSTANT_CONVERSION = YES;
				CLANG_WARN_DEPRECATED_OBJC_IMPLEMENTATIONS = YES;
				CLANG_WARN_DIRECT_OBJC_ISA_USAGE = YES_ERROR;
				CLANG_WARN_DOCUMENTATION_COMMENTS = YES;
				CLANG_WARN_EMPTY_BODY = YES;
				CLANG_WARN_ENUM_CONVERSION = YES;
				CLANG_WARN_INFINITE_RECURSION = YES;
				CLANG_WARN_INT_CONVERSION = YES;
				CLANG_WARN_NON_LITERAL_NULL_CONVERSION = YES;
				CLANG_WARN_OBJC_IMPLICIT_RETAIN_SELF = YES;
				CLANG_WARN_OBJC_LITERAL_CONVERSION = YES;
				CLANG_WARN_OBJC_ROOT_CLASS = YES_ERROR;
				CLANG_WARN_QUOTED_INCLUDE_IN_FRAMEWORK_HEADER = YES;
				CLANG_WARN_RANGE_LOOP_ANALYSIS = YES;
				CLANG_WARN_STRICT_PROTOTYPES = YES;
				CLANG_WARN_SUSPICIOUS_MOVE = YES;
				CLANG_WARN_UNGUARDED_AVAILABILITY = YES_AGGRESSIVE;
				CLANG_WARN_UNREACHABLE_CODE = YES;
				CLANG_WARN__DUPLICATE_METHOD_MATCH = YES;
				COPY_PHASE_STRIP = NO;
				DEBUG_INFORMATION_FORMAT = "dwarf-with-dsym";
				ENABLE_NS_ASSERTIONS = NO;
				ENABLE_STRICT_OBJC_MSGSEND = YES;
				GCC_C_LANGUAGE_STANDARD = gnu11;
				GCC_NO_COMMON_BLOCKS = YES;
				GCC_WARN_64_TO_32_BIT_CONVERSION = YES;
				GCC_WARN_ABOUT_RETURN_TYPE = YES_ERROR;
				GCC_WARN_UNDECLARED_SELECTOR = YES;
				GCC_WARN_UNINITIALIZED_AUTOS = YES_AGGRESSIVE;
				GCC_WARN_UNUSED_FUNCTION = YES;
				GCC_WARN_UNUSED_VARIABLE = YES;
				IPHONEOS_DEPLOYMENT_TARGET = 16.4;
				MTL_ENABLE_DEBUG_INFO = NO;
				MTL_FAST_MATH = YES;
				SDKROOT = iphoneos;
				SWIFT_COMPILATION_MODE = wholemodule;
				SWIFT_OPTIMIZATION_LEVEL = "-O";
				VALIDATE_PRODUCT = YES;
			};
			name = Release;
		};
		1C23B3DC2AB05A210048B647 /* Debug */ = {
			isa = XCBuildConfiguration;
			buildSettings = {
				ASSETCATALOG_COMPILER_APPICON_NAME = AppIcon;
				ASSETCATALOG_COMPILER_GLOBAL_ACCENT_COLOR_NAME = AccentColor;
				CODE_SIGN_STYLE = Automatic;
				CURRENT_PROJECT_VERSION = 1;
				DEVELOPMENT_ASSET_PATHS = "\"crypto-app-swiftui/Preview Content\"";
				DEVELOPMENT_TEAM = 4XRH8XQX74;
				ENABLE_PREVIEWS = YES;
				GENERATE_INFOPLIST_FILE = YES;
				INFOPLIST_KEY_CFBundleDisplayName = CryptoTrackerSUI;
				INFOPLIST_KEY_UIApplicationSceneManifest_Generation = YES;
				INFOPLIST_KEY_UIApplicationSupportsIndirectInputEvents = YES;
				INFOPLIST_KEY_UILaunchScreen_Generation = YES;
				INFOPLIST_KEY_UISupportedInterfaceOrientations = UIInterfaceOrientationPortrait;
				INFOPLIST_KEY_UISupportedInterfaceOrientations_iPad = "UIInterfaceOrientationPortrait UIInterfaceOrientationPortraitUpsideDown";
				LD_RUNPATH_SEARCH_PATHS = (
					"$(inherited)",
					"@executable_path/Frameworks",
				);
				MARKETING_VERSION = 1.0;
				PRODUCT_BUNDLE_IDENTIFIER = "gr.cognity.crypto-app-swiftui";
				PRODUCT_NAME = "$(TARGET_NAME)";
				SUPPORTED_PLATFORMS = "iphoneos iphonesimulator";
				SUPPORTS_MACCATALYST = NO;
				SUPPORTS_MAC_DESIGNED_FOR_IPHONE_IPAD = NO;
				SWIFT_EMIT_LOC_STRINGS = YES;
				SWIFT_VERSION = 5.0;
				TARGETED_DEVICE_FAMILY = "1,2";
			};
			name = Debug;
		};
		1C23B3DD2AB05A210048B647 /* Release */ = {
			isa = XCBuildConfiguration;
			buildSettings = {
				ASSETCATALOG_COMPILER_APPICON_NAME = AppIcon;
				ASSETCATALOG_COMPILER_GLOBAL_ACCENT_COLOR_NAME = AccentColor;
				CODE_SIGN_STYLE = Automatic;
				CURRENT_PROJECT_VERSION = 1;
				DEVELOPMENT_ASSET_PATHS = "\"crypto-app-swiftui/Preview Content\"";
				DEVELOPMENT_TEAM = 4XRH8XQX74;
				ENABLE_PREVIEWS = YES;
				GENERATE_INFOPLIST_FILE = YES;
				INFOPLIST_KEY_CFBundleDisplayName = CryptoTrackerSUI;
				INFOPLIST_KEY_UIApplicationSceneManifest_Generation = YES;
				INFOPLIST_KEY_UIApplicationSupportsIndirectInputEvents = YES;
				INFOPLIST_KEY_UILaunchScreen_Generation = YES;
				INFOPLIST_KEY_UISupportedInterfaceOrientations = UIInterfaceOrientationPortrait;
				INFOPLIST_KEY_UISupportedInterfaceOrientations_iPad = "UIInterfaceOrientationPortrait UIInterfaceOrientationPortraitUpsideDown";
				LD_RUNPATH_SEARCH_PATHS = (
					"$(inherited)",
					"@executable_path/Frameworks",
				);
				MARKETING_VERSION = 1.0;
				PRODUCT_BUNDLE_IDENTIFIER = "gr.cognity.crypto-app-swiftui";
				PRODUCT_NAME = "$(TARGET_NAME)";
				SUPPORTED_PLATFORMS = "iphoneos iphonesimulator";
				SUPPORTS_MACCATALYST = NO;
				SUPPORTS_MAC_DESIGNED_FOR_IPHONE_IPAD = NO;
				SWIFT_EMIT_LOC_STRINGS = YES;
				SWIFT_VERSION = 5.0;
				TARGETED_DEVICE_FAMILY = "1,2";
			};
			name = Release;
		};
		1C23B3DF2AB05A210048B647 /* Debug */ = {
			isa = XCBuildConfiguration;
			buildSettings = {
				ALWAYS_EMBED_SWIFT_STANDARD_LIBRARIES = YES;
				BUNDLE_LOADER = "$(TEST_HOST)";
				CODE_SIGN_STYLE = Automatic;
				CURRENT_PROJECT_VERSION = 1;
				DEVELOPMENT_TEAM = 4XRH8XQX74;
				GENERATE_INFOPLIST_FILE = YES;
				IPHONEOS_DEPLOYMENT_TARGET = 16.4;
				MARKETING_VERSION = 1.0;
				PRODUCT_BUNDLE_IDENTIFIER = "gr.cognity.crypto-app-swiftuiTests";
				PRODUCT_NAME = "$(TARGET_NAME)";
				SWIFT_EMIT_LOC_STRINGS = NO;
				SWIFT_VERSION = 5.0;
				TARGETED_DEVICE_FAMILY = "1,2";
				TEST_HOST = "$(BUILT_PRODUCTS_DIR)/crypto-app-swiftui.app/$(BUNDLE_EXECUTABLE_FOLDER_PATH)/crypto-app-swiftui";
			};
			name = Debug;
		};
		1C23B3E02AB05A210048B647 /* Release */ = {
			isa = XCBuildConfiguration;
			buildSettings = {
				ALWAYS_EMBED_SWIFT_STANDARD_LIBRARIES = YES;
				BUNDLE_LOADER = "$(TEST_HOST)";
				CODE_SIGN_STYLE = Automatic;
				CURRENT_PROJECT_VERSION = 1;
				DEVELOPMENT_TEAM = 4XRH8XQX74;
				GENERATE_INFOPLIST_FILE = YES;
				IPHONEOS_DEPLOYMENT_TARGET = 16.4;
				MARKETING_VERSION = 1.0;
				PRODUCT_BUNDLE_IDENTIFIER = "gr.cognity.crypto-app-swiftuiTests";
				PRODUCT_NAME = "$(TARGET_NAME)";
				SWIFT_EMIT_LOC_STRINGS = NO;
				SWIFT_VERSION = 5.0;
				TARGETED_DEVICE_FAMILY = "1,2";
				TEST_HOST = "$(BUILT_PRODUCTS_DIR)/crypto-app-swiftui.app/$(BUNDLE_EXECUTABLE_FOLDER_PATH)/crypto-app-swiftui";
			};
			name = Release;
		};
		1C23B3E22AB05A210048B647 /* Debug */ = {
			isa = XCBuildConfiguration;
			buildSettings = {
				ALWAYS_EMBED_SWIFT_STANDARD_LIBRARIES = YES;
				CODE_SIGN_STYLE = Automatic;
				CURRENT_PROJECT_VERSION = 1;
				DEVELOPMENT_TEAM = 4XRH8XQX74;
				GENERATE_INFOPLIST_FILE = YES;
				MARKETING_VERSION = 1.0;
				PRODUCT_BUNDLE_IDENTIFIER = "gr.cognity.crypto-app-swiftuiUITests";
				PRODUCT_NAME = "$(TARGET_NAME)";
				SWIFT_EMIT_LOC_STRINGS = NO;
				SWIFT_VERSION = 5.0;
				TARGETED_DEVICE_FAMILY = "1,2";
				TEST_TARGET_NAME = "crypto-app-swiftui";
			};
			name = Debug;
		};
		1C23B3E32AB05A210048B647 /* Release */ = {
			isa = XCBuildConfiguration;
			buildSettings = {
				ALWAYS_EMBED_SWIFT_STANDARD_LIBRARIES = YES;
				CODE_SIGN_STYLE = Automatic;
				CURRENT_PROJECT_VERSION = 1;
				DEVELOPMENT_TEAM = 4XRH8XQX74;
				GENERATE_INFOPLIST_FILE = YES;
				MARKETING_VERSION = 1.0;
				PRODUCT_BUNDLE_IDENTIFIER = "gr.cognity.crypto-app-swiftuiUITests";
				PRODUCT_NAME = "$(TARGET_NAME)";
				SWIFT_EMIT_LOC_STRINGS = NO;
				SWIFT_VERSION = 5.0;
				TARGETED_DEVICE_FAMILY = "1,2";
				TEST_TARGET_NAME = "crypto-app-swiftui";
			};
			name = Release;
		};
/* End XCBuildConfiguration section */

/* Begin XCConfigurationList section */
		1C23B3AD2AB05A200048B647 /* Build configuration list for PBXProject "crypto-app-swiftui" */ = {
			isa = XCConfigurationList;
			buildConfigurations = (
				1C23B3D92AB05A210048B647 /* Debug */,
				1C23B3DA2AB05A210048B647 /* Release */,
			);
			defaultConfigurationIsVisible = 0;
			defaultConfigurationName = Release;
		};
		1C23B3DB2AB05A210048B647 /* Build configuration list for PBXNativeTarget "crypto-app-swiftui" */ = {
			isa = XCConfigurationList;
			buildConfigurations = (
				1C23B3DC2AB05A210048B647 /* Debug */,
				1C23B3DD2AB05A210048B647 /* Release */,
			);
			defaultConfigurationIsVisible = 0;
			defaultConfigurationName = Release;
		};
		1C23B3DE2AB05A210048B647 /* Build configuration list for PBXNativeTarget "crypto-app-swiftuiTests" */ = {
			isa = XCConfigurationList;
			buildConfigurations = (
				1C23B3DF2AB05A210048B647 /* Debug */,
				1C23B3E02AB05A210048B647 /* Release */,
			);
			defaultConfigurationIsVisible = 0;
			defaultConfigurationName = Release;
		};
		1C23B3E12AB05A210048B647 /* Build configuration list for PBXNativeTarget "crypto-app-swiftuiUITests" */ = {
			isa = XCConfigurationList;
			buildConfigurations = (
				1C23B3E22AB05A210048B647 /* Debug */,
				1C23B3E32AB05A210048B647 /* Release */,
			);
			defaultConfigurationIsVisible = 0;
			defaultConfigurationName = Release;
		};
/* End XCConfigurationList section */

/* Begin XCVersionGroup section */
		1C23B3C02AB05A210048B647 /* crypto_app_swiftui.xcdatamodeld */ = {
			isa = XCVersionGroup;
			children = (
				1C23B3C12AB05A210048B647 /* crypto_app_swiftui.xcdatamodel */,
			);
			currentVersion = 1C23B3C12AB05A210048B647 /* crypto_app_swiftui.xcdatamodel */;
			path = crypto_app_swiftui.xcdatamodeld;
			sourceTree = "<group>";
			versionGroupType = wrapper.xcdatamodel;
		};
/* End XCVersionGroup section */
	};
	rootObject = 1C23B3AA2AB05A200048B647 /* Project object */;
}
